
Microsoft Visual Studio Solution File, Format Version 12.00
# Visual Studio Version 17
VisualStudioVersion = 17.11.35327.3
MinimumVisualStudioVersion = 10.0.40219.1
Project("{FAE04EC0-301F-11D3-BF4B-00C04F79EFBC}") = "UA2GP40_MohamedAli", "UA2GP40_MohamedAli\UA2GP40_MohamedAli.csproj", "{19796CB2-821E-4547-90EC-3B2B2340FAEC}"
EndProject
Global
	GlobalSection(SolutionConfigurationPlatforms) = preSolution
		Debug|Any CPU = Debug|Any CPU
		Release|Any CPU = Release|Any CPU
	EndGlobalSection
	GlobalSection(ProjectConfigurationPlatforms) = postSolution
		{19796CB2-821E-4547-90EC-3B2B2340FAEC}.Debug|Any CPU.ActiveCfg = Debug|Any CPU
		{19796CB2-821E-4547-90EC-3B2B2340FAEC}.Debug|Any CPU.Build.0 = Debug|Any CPU
		{19796CB2-821E-4547-90EC-3B2B2340FAEC}.Release|Any CPU.ActiveCfg = Release|Any CPU
		{19796CB2-821E-4547-90EC-3B2B2340FAEC}.Release|Any CPU.Build.0 = Release|Any CPU
	EndGlobalSection
	GlobalSection(SolutionProperties) = preSolution
		HideSolutionNode = FALSE
	EndGlobalSection
	GlobalSection(ExtensibilityGlobals) = postSolution
		SolutionGuid = {9F029770-7013-4266-BEEA-BBBA68AD9FBC}
	EndGlobalSection
EndGlobal
